lockfileVersion: '9.0'

settings:
  autoInstallPeers: true
  excludeLinksFromLockfile: false

importers:

  .:
    dependencies:
      html-escape:
        specifier: ^2.0.0
        version: 2.0.0

packages:

  html-escape@2.0.0:
    resolution: {integrity: sha512-BYh0wceM2Vm4/Q8TNfnKaHXs4DCv2DuYVS87DR40elSvFc+8a6B9mE9ej+8nCOkdqPx7puEx9+hm+GoJ3f9PzA==}

snapshots:

  html-escape@2.0.0: {}
